
Microsoft Visual Studio Solution File, Format Version 12.00
# Visual Studio 15
VisualStudioVersion = 15.0.27004.2006
MinimumVisualStudioVersion = 10.0.40219.1
Project("{2150E333-8FDC-42A3-9474-1A3956D46DE8}") = "Engine", "Engine", "{C174029A-A2A9-4581-A493-2293B1E3F927}"
EndProject
Project("{2150E333-8FDC-42A3-9474-1A3956D46DE8}") = "Games", "Games", "{48EE2C32-9070-4F1F-A8B8-61766C8FDB3E}"
EndProject
Project("{8BC9CEB8-8B4A-11D0-8D11-00A0C91BC942}") = "UE4", "Intermediate\ProjectFiles\UE4.vcxproj", "{00198AF4-4B58-406B-AD5B-70D4A62767C4}"
EndProject
Project("{8BC9CEB8-8B4A-11D0-8D11-00A0C91BC942}") = "CyberWar", "Intermediate\ProjectFiles\CyberWar.vcxproj", "{2CEB8F4D-DB62-4DDD-BB58-AB662AA0943C}"
EndProject
Global
	GlobalSection(SolutionConfigurationPlatforms) = preSolution
		DebugGame Editor|Win32 = DebugGame Editor|Win32
		DebugGame Editor|Win64 = DebugGame Editor|Win64
		DebugGame|Win32 = DebugGame|Win32
		DebugGame|Win64 = DebugGame|Win64
		Development Editor|Win32 = Development Editor|Win32
		Development Editor|Win64 = Development Editor|Win64
		Development|Win32 = Development|Win32
		Development|Win64 = Development|Win64
		Shipping|Win32 = Shipping|Win32
		Shipping|Win64 = Shipping|Win64
	EndGlobalSection
	GlobalSection(ProjectConfigurationPlatforms) = postSolution
		{00198AF4-4B58-406B-AD5B-70D4A62767C4}.DebugGame Editor|Win32.ActiveCfg = BuiltWithUnrealBuildTool|Win32
		{00198AF4-4B58-406B-AD5B-70D4A62767C4}.DebugGame Editor|Win32.Build.0 = BuiltWithUnrealBuildTool|Win32
		{00198AF4-4B58-406B-AD5B-70D4A62767C4}.DebugGame Editor|Win64.ActiveCfg = BuiltWithUnrealBuildTool|Win32
		{00198AF4-4B58-406B-AD5B-70D4A62767C4}.DebugGame Editor|Win64.Build.0 = BuiltWithUnrealBuildTool|Win32
		{00198AF4-4B58-406B-AD5B-70D4A62767C4}.DebugGame|Win32.ActiveCfg = BuiltWithUnrealBuildTool|Win32
		{00198AF4-4B58-406B-AD5B-70D4A62767C4}.DebugGame|Win32.Build.0 = BuiltWithUnrealBuildTool|Win32
		{00198AF4-4B58-406B-AD5B-70D4A62767C4}.DebugGame|Win64.ActiveCfg = BuiltWithUnrealBuildTool|Win32
		{00198AF4-4B58-406B-AD5B-70D4A62767C4}.DebugGame|Win64.Build.0 = BuiltWithUnrealBuildTool|Win32
		{00198AF4-4B58-406B-AD5B-70D4A62767C4}.Development Editor|Win32.ActiveCfg = BuiltWithUnrealBuildTool|Win32
		{00198AF4-4B58-406B-AD5B-70D4A62767C4}.Development Editor|Win32.Build.0 = BuiltWithUnrealBuildTool|Win32
		{00198AF4-4B58-406B-AD5B-70D4A62767C4}.Development Editor|Win64.ActiveCfg = BuiltWithUnrealBuildTool|Win32
		{00198AF4-4B58-406B-AD5B-70D4A62767C4}.Development Editor|Win64.Build.0 = BuiltWithUnrealBuildTool|Win32
		{00198AF4-4B58-406B-AD5B-70D4A62767C4}.Development|Win32.ActiveCfg = BuiltWithUnrealBuildTool|Win32
		{00198AF4-4B58-406B-AD5B-70D4A62767C4}.Development|Win32.Build.0 = BuiltWithUnrealBuildTool|Win32
		{00198AF4-4B58-406B-AD5B-70D4A62767C4}.Development|Win64.ActiveCfg = BuiltWithUnrealBuildTool|Win32
		{00198AF4-4B58-406B-AD5B-70D4A62767C4}.Development|Win64.Build.0 = BuiltWithUnrealBuildTool|Win32
		{00198AF4-4B58-406B-AD5B-70D4A62767C4}.Shipping|Win32.ActiveCfg = BuiltWithUnrealBuildTool|Win32
		{00198AF4-4B58-406B-AD5B-70D4A62767C4}.Shipping|Win32.Build.0 = BuiltWithUnrealBuildTool|Win32
		{00198AF4-4B58-406B-AD5B-70D4A62767C4}.Shipping|Win64.ActiveCfg = BuiltWithUnrealBuildTool|Win32
		{00198AF4-4B58-406B-AD5B-70D4A62767C4}.Shipping|Win64.Build.0 = BuiltWithUnrealBuildTool|Win32
		{2CEB8F4D-DB62-4DDD-BB58-AB662AA0943C}.DebugGame Editor|Win32.ActiveCfg = DebugGame_Editor|Win32
		{2CEB8F4D-DB62-4DDD-BB58-AB662AA0943C}.DebugGame Editor|Win64.ActiveCfg = DebugGame_Editor|x64
		{2CEB8F4D-DB62-4DDD-BB58-AB662AA0943C}.DebugGame Editor|Win64.Build.0 = DebugGame_Editor|x64
		{2CEB8F4D-DB62-4DDD-BB58-AB662AA0943C}.DebugGame|Win32.ActiveCfg = DebugGame_Game|Win32
		{2CEB8F4D-DB62-4DDD-BB58-AB662AA0943C}.DebugGame|Win32.Build.0 = DebugGame_Game|Win32
		{2CEB8F4D-DB62-4DDD-BB58-AB662AA0943C}.DebugGame|Win64.ActiveCfg = DebugGame_Game|x64
		{2CEB8F4D-DB62-4DDD-BB58-AB662AA0943C}.DebugGame|Win64.Build.0 = DebugGame_Game|x64
		{2CEB8F4D-DB62-4DDD-BB58-AB662AA0943C}.Development Editor|Win32.ActiveCfg = Development_Editor|Win32
		{2CEB8F4D-DB62-4DDD-BB58-AB662AA0943C}.Development Editor|Win64.ActiveCfg = Development_Editor|x64
		{2CEB8F4D-DB62-4DDD-BB58-AB662AA0943C}.Development Editor|Win64.Build.0 = Development_Editor|x64
		{2CEB8F4D-DB62-4DDD-BB58-AB662AA0943C}.Development|Win32.ActiveCfg = Development_Game|Win32
		{2CEB8F4D-DB62-4DDD-BB58-AB662AA0943C}.Development|Win32.Build.0 = Development_Game|Win32
		{2CEB8F4D-DB62-4DDD-BB58-AB662AA0943C}.Development|Win64.ActiveCfg = Development_Game|x64
		{2CEB8F4D-DB62-4DDD-BB58-AB662AA0943C}.Development|Win64.Build.0 = Development_Game|x64
		{2CEB8F4D-DB62-4DDD-BB58-AB662AA0943C}.Shipping|Win32.ActiveCfg = Shipping_Game|Win32
		{2CEB8F4D-DB62-4DDD-BB58-AB662AA0943C}.Shipping|Win32.Build.0 = Shipping_Game|Win32
		{2CEB8F4D-DB62-4DDD-BB58-AB662AA0943C}.Shipping|Win64.ActiveCfg = Shipping_Game|x64
		{2CEB8F4D-DB62-4DDD-BB58-AB662AA0943C}.Shipping|Win64.Build.0 = Shipping_Game|x64
	EndGlobalSection
	GlobalSection(SolutionProperties) = preSolution
		HideSolutionNode = FALSE
	EndGlobalSection
	GlobalSection(NestedProjects) = preSolution
		{00198AF4-4B58-406B-AD5B-70D4A62767C4} = {C174029A-A2A9-4581-A493-2293B1E3F927}
		{2CEB8F4D-DB62-4DDD-BB58-AB662AA0943C} = {48EE2C32-9070-4F1F-A8B8-61766C8FDB3E}
	EndGlobalSection
	GlobalSection(ExtensibilityGlobals) = postSolution
		SolutionGuid = {0FF9D581-94EE-4C69-92C6-ADE35B9742C0}
	EndGlobalSection
EndGlobal
